
Microsoft Visual Studio Solution File, Format Version 12.00
# Visual Studio Version 17
VisualStudioVersion = 17.14.36930.0
MinimumVisualStudioVersion = 10.0.40219.1
Project("{FAE04EC0-301F-11D3-BF4B-00C04F79EFBC}") = "VinAgentAPI", "VinAgentAPI\VinAgentAPI.csproj", "{D3C484CE-C9E8-41B7-A476-4A0E25D2BE6B}"
EndProject
Project("{FAE04EC0-301F-11D3-BF4B-00C04F79EFBC}") = "VinAgent.Tests", "VinAgent.Tests\VinAgent.Tests.csproj", "{C9EFAB70-7BF3-4122-9C74-5C6825D4DB73}"
EndProject
Project("{FAE04EC0-301F-11D3-BF4B-00C04F79EFBC}") = "IntegrationTests", "IntegrationTests\IntegrationTests.csproj", "{59FDAA84-6701-32D0-9E5C-CA30D0B3B987}"
EndProject
Global
	GlobalSection(SolutionConfigurationPlatforms) = preSolution
		Debug|Any CPU = Debug|Any CPU
		Release|Any CPU = Release|Any CPU
	EndGlobalSection
	GlobalSection(ProjectConfigurationPlatforms) = postSolution
		{D3C484CE-C9E8-41B7-A476-4A0E25D2BE6B}.Debug|Any CPU.ActiveCfg = Debug|Any CPU
		{D3C484CE-C9E8-41B7-A476-4A0E25D2BE6B}.Debug|Any CPU.Build.0 = Debug|Any CPU
		{D3C484CE-C9E8-41B7-A476-4A0E25D2BE6B}.Release|Any CPU.ActiveCfg = Release|Any CPU
		{D3C484CE-C9E8-41B7-A476-4A0E25D2BE6B}.Release|Any CPU.Build.0 = Release|Any CPU
		{C9EFAB70-7BF3-4122-9C74-5C6825D4DB73}.Debug|Any CPU.ActiveCfg = Debug|Any CPU
		{C9EFAB70-7BF3-4122-9C74-5C6825D4DB73}.Debug|Any CPU.Build.0 = Debug|Any CPU
		{C9EFAB70-7BF3-4122-9C74-5C6825D4DB73}.Release|Any CPU.ActiveCfg = Release|Any CPU
		{C9EFAB70-7BF3-4122-9C74-5C6825D4DB73}.Release|Any CPU.Build.0 = Release|Any CPU
		{59FDAA84-6701-32D0-9E5C-CA30D0B3B987}.Debug|Any CPU.ActiveCfg = Debug|Any CPU
		{59FDAA84-6701-32D0-9E5C-CA30D0B3B987}.Debug|Any CPU.Build.0 = Debug|Any CPU
		{59FDAA84-6701-32D0-9E5C-CA30D0B3B987}.Release|Any CPU.ActiveCfg = Release|Any CPU
		{59FDAA84-6701-32D0-9E5C-CA30D0B3B987}.Release|Any CPU.Build.0 = Release|Any CPU
	EndGlobalSection
	GlobalSection(SolutionProperties) = preSolution
		HideSolutionNode = FALSE
	EndGlobalSection
	GlobalSection(ExtensibilityGlobals) = postSolution
		SolutionGuid = {5460576E-5408-4E9F-A819-A3A8D64F94D8}
	EndGlobalSection
EndGlobal
